<?xml version="1.0" encoding="utf-8"?>
<Project ToolsVersion="4.0" xmlns="http://schemas.microsoft.com/developer/msbuild/2003">
  <ItemGroup>
    <Filter Include="Source Files">
      <UniqueIdentifier>{4FC737F1-C7A5-4376-A066-2A32D752A2FF}</UniqueIdentifier>
      <Extensions>cpp;c;cc;cxx;c++;cppm;ixx;def;odl;idl;hpj;bat;asm;asmx</Extensions>
    </Filter>
    <Filter Include="Header Files">
      <UniqueIdentifier>{93995380-89BD-4b04-88EB-625FBE52EBFB}</UniqueIdentifier>
      <Extensions>h;hh;hpp;hxx;h++;hm;inl;inc;ipp;xsd</Extensions>
    </Filter>
    <Filter Include="Resource Files">
      <UniqueIdentifier>{67DA6AB6-F800-4c08-8B7A-83BB121AAD01}</UniqueIdentifier>
      <Extensions>rc;ico;cur;bmp;dlg;rc2;rct;bin;rgs;gif;jpg;jpeg;jpe;resx;tiff;tif;png;wav;mfcribbon-ms</Extensions>
    </Filter>
    <Filter Include="shaders">
      <UniqueIdentifier>{bb0e6655-47b1-4c75-9b94-8caa58bd9a6d}</UniqueIdentifier>
    </Filter>
    <Filter Include="3rds%28header only%29">
      <UniqueIdentifier>{cd4510ca-1a82-4fbb-ba13-36a2a07ea36d}</UniqueIdentifier>
    </Filter>
    <Filter Include="3rds%28header only%29\imgui">
      <UniqueIdentifier>{7100d1f3-208a-452b-a528-6457fce5cce4}</UniqueIdentifier>
    </Filter>
    <Filter Include="3rds%28header only%29\sokol">
      <UniqueIdentifier>{1539d6dd-2616-4be1-9a16-a390b43fcc91}</UniqueIdentifier>
    </Filter>
  </ItemGroup>
  <ItemGroup>
    <None Include="README.md" />
    <None Include="shaders\point_cloud_simple.glsl">
      <Filter>shaders</Filter>
    </None>
    <None Include="shaders\ground_plane.glsl">
      <Filter>shaders</Filter>
    </None>
    <None Include="shaders\dbg.glsl">
      <Filter>shaders</Filter>
    </None>
    <None Include="shaders\depth_blur.glsl">
      <Filter>shaders</Filter>
    </None>
    <None Include="shaders\gen_shaders.bat" />
  </ItemGroup>
  <ItemGroup>
    <ClCompile Include="main.cpp">
      <Filter>Source Files</Filter>
    </ClCompile>
    <ClCompile Include="messyengine_impl.cpp">
      <Filter>Source Files</Filter>
    </ClCompile>
    <ClCompile Include="cycleui_impl.cpp">
      <Filter>Source Files</Filter>
    </ClCompile>
    <ClCompile Include="lib\imgui\imgui.cpp">
      <Filter>3rds%28header only%29\imgui</Filter>
    </ClCompile>
    <ClCompile Include="lib\imgui\imgui_demo.cpp">
      <Filter>3rds%28header only%29\imgui</Filter>
    </ClCompile>
    <ClCompile Include="lib\imgui\imgui_draw.cpp">
      <Filter>3rds%28header only%29\imgui</Filter>
    </ClCompile>
    <ClCompile Include="lib\imgui\misc\freetype\imgui_freetype.cpp">
      <Filter>3rds%28header only%29\imgui</Filter>
    </ClCompile>
    <ClCompile Include="lib\imgui\backends\imgui_impl_glfw.cpp">
      <Filter>3rds%28header only%29\imgui</Filter>
    </ClCompile>
    <ClCompile Include="lib\imgui\backends\imgui_impl_opengl3.cpp">
      <Filter>3rds%28header only%29\imgui</Filter>
    </ClCompile>
    <ClCompile Include="lib\imgui\imgui_tables.cpp">
      <Filter>3rds%28header only%29\imgui</Filter>
    </ClCompile>
    <ClCompile Include="lib\imgui\imgui_widgets.cpp">
      <Filter>3rds%28header only%29\imgui</Filter>
    </ClCompile>
  </ItemGroup>
  <ItemGroup>
    <ClInclude Include="messyengine.h">
      <Filter>Header Files</Filter>
    </ClInclude>
    <ClInclude Include="cycleui.h">
      <Filter>Header Files</Filter>
    </ClInclude>
    <ClInclude Include="shaders\point_cloud_simple.h">
      <Filter>shaders</Filter>
    </ClInclude>
    <ClInclude Include="shaders\ground_plane.h">
      <Filter>shaders</Filter>
    </ClInclude>
    <ClInclude Include="me_impl.h">
      <Filter>Header Files</Filter>
    </ClInclude>
    <ClInclude Include="camera.hpp">
      <Filter>Source Files</Filter>
    </ClInclude>
    <ClInclude Include="groundgrid.hpp">
      <Filter>Source Files</Filter>
    </ClInclude>
    <ClInclude Include="init_impl.hpp">
      <Filter>Source Files</Filter>
    </ClInclude>
    <ClInclude Include="interfaces.hpp">
      <Filter>Source Files</Filter>
    </ClInclude>
    <ClInclude Include="shaders\dbg.h">
      <Filter>shaders</Filter>
    </ClInclude>
    <ClInclude Include="shaders\depth_blur.h">
      <Filter>shaders</Filter>
    </ClInclude>
    <ClInclude Include="lib\imgui\imconfig.h">
      <Filter>3rds%28header only%29\imgui</Filter>
    </ClInclude>
    <ClInclude Include="lib\imgui\imgui.h">
      <Filter>3rds%28header only%29\imgui</Filter>
    </ClInclude>
    <ClInclude Include="objects.hpp">
      <Filter>Source Files</Filter>
    </ClInclude>
  </ItemGroup>
  <ItemGroup>
    <Natvis Include="glm.natvis" />
  </ItemGroup>
</Project>