
Microsoft Visual Studio Solution File, Format Version 12.00
# Visual Studio Version 17
VisualStudioVersion = 17.5.33627.172
MinimumVisualStudioVersion = 10.0.40219.1
Project("{8BC9CEB8-8B4A-11D0-8D11-00A0C91BC942}") = "libVRender", "libVRender\libVRender.vcxproj", "{A6DF9C09-4175-4916-AC2A-A48043646991}"
EndProject
Project("{9A19103F-16F7-4668-BE54-9A1E7A4F7556}") = "CycleGUI", "CycleGUI\CycleGUI.csproj", "{473DCB04-F780-409E-BFAC-89DBDFF4CF96}"
EndProject
Project("{8BC9CEB8-8B4A-11D0-8D11-00A0C91BC942}") = "webVRender", "webVRender\webVRender.vcxproj", "{EA5BFBA3-C7D7-4786-A91C-0C4A19B25F6D}"
EndProject
Project("{2150E333-8FDC-42A3-9474-1A3956D46DE8}") = "AAASolutionHelp", "AAASolutionHelp", "{FF600C5F-D5F9-43D4-A0B8-175AD1780654}"
	ProjectSection(SolutionItems) = preProject
		Directory.Build.props = Directory.Build.props
		ImplementationHelpForAI.md = ImplementationHelpForAI.md
		README.md = README.md
		todo.txt = todo.txt
	EndProjectSection
EndProject
Project("{9A19103F-16F7-4668-BE54-9A1E7A4F7556}") = "CartActivator", "..\M2\OfficialPlugins\CartActivator\CartActivator.csproj", "{57CFC9CA-4DF6-40EB-BA03-0E6562A6E14A}"
EndProject
Project("{2150E333-8FDC-42A3-9474-1A3956D46DE8}") = "AdaptionWork", "AdaptionWork", "{8EB080F8-0A61-482F-B398-BC11251CF9C0}"
EndProject
Project("{9A19103F-16F7-4668-BE54-9A1E7A4F7556}") = "TestCartActivator", "..\M2\Test\TestCartActivator\TestCartActivator.csproj", "{F4FE9945-3136-4897-9FD9-2DEA8A3690A1}"
EndProject
Project("{9A19103F-16F7-4668-BE54-9A1E7A4F7556}") = "LidarController", "..\M2\OfficialPlugins\LidarController\LidarController.csproj", "{A936BE21-5927-4AFF-B738-FF80A70BBBDF}"
EndProject
Project("{9A19103F-16F7-4668-BE54-9A1E7A4F7556}") = "ScannerUI", "..\..\work\r2000-scanner-icp-new\ScannerUI\ScannerUI.csproj", "{F340CE50-159D-4811-9998-AAFE3ED2A923}"
EndProject
Project("{FAE04EC0-301F-11D3-BF4B-00C04F79EFBC}") = "MedullaAdapter", "..\..\work\migration\byd-testing-project-feature_yh\CartAdapters\MedullaAdapter\MedullaAdapter.csproj", "{CD75C8FD-B501-4515-A279-FF8BF8543DCD}"
EndProject
Project("{2150E333-8FDC-42A3-9474-1A3956D46DE8}") = "TestProjects", "TestProjects", "{57376B81-B5DD-4806-A1C1-97D88F391B5A}"
EndProject
Project("{9A19103F-16F7-4668-BE54-9A1E7A4F7556}") = "Medulla2Adapter", "..\..\work\migration\byd-testing-project-feature_yh\CartAdapters\Medulla2Adapter\Medulla2Adapter.csproj", "{C65C3405-A621-4795-A75C-991E113233B0}"
EndProject
Project("{9A19103F-16F7-4668-BE54-9A1E7A4F7556}") = "TestHe3051", "..\MDCS-plugin-helper\TestHe3051\TestHe3051.csproj", "{C901F45F-1732-4A7B-8C24-7CCD278931CB}"
EndProject
Project("{9A19103F-16F7-4668-BE54-9A1E7A4F7556}") = "StandardDifferentialM-core", "..\..\work\migration\standard_migration\fairylandstandardkiva-dr.liu_test\CarAdapter\StandardDifferentialM\StandardDifferentialM-core.csproj", "{32DBBF46-0D16-477A-8F41-AF36883FE2BF}"
EndProject
Project("{2150E333-8FDC-42A3-9474-1A3956D46DE8}") = "Examples", "Examples", "{32CE006B-ACBA-4997-9746-60F9EEDEE3BD}"
EndProject
Project("{9A19103F-16F7-4668-BE54-9A1E7A4F7556}") = "CycleGuiConsole", "Examples\CycleGUIConsole\CycleGuiConsole.csproj", "{8285A45F-44AA-4A17-A738-A28394DD3A00}"
EndProject
Project("{9A19103F-16F7-4668-BE54-9A1E7A4F7556}") = "HoloExample", "Examples\HoloGUI\HoloExample.csproj", "{F469C61E-6E82-43EE-A9EA-5D7017682977}"
EndProject
Project("{9A19103F-16F7-4668-BE54-9A1E7A4F7556}") = "LearnCycleGUI", "Examples\LearnCycleGUI\LearnCycleGUI.csproj", "{9F07E0CF-FAC3-4BE9-9C0F-6A3AFAA34F23}"
EndProject
Project("{2150E333-8FDC-42A3-9474-1A3956D46DE8}") = "Medulla2", "Medulla2", "{3E781752-B64F-4D83-913F-113AF871B1B8}"
EndProject
Project("{9A19103F-16F7-4668-BE54-9A1E7A4F7556}") = "MedullaCore", "..\M2\MedullaCore\MedullaCore.csproj", "{5739B1DF-6743-4972-AB39-ADFFA67E5BD2}"
EndProject
Project("{9A19103F-16F7-4668-BE54-9A1E7A4F7556}") = "Medulla2", "..\M2\Medulla\Medulla2.csproj", "{25F5D9CB-95ED-4407-93AC-1E7B71C5A3E7}"
EndProject
Project("{9A19103F-16F7-4668-BE54-9A1E7A4F7556}") = "Annotator", "Examples\Annotator\Annotator.csproj", "{0A10CE9C-472D-4D85-B5E6-AED7434352CB}"
EndProject
Global
	GlobalSection(SolutionConfigurationPlatforms) = preSolution
		AlgoTest|Any CPU = AlgoTest|Any CPU
		AlgoTest|Emscripten = AlgoTest|Emscripten
		AlgoTest|x64 = AlgoTest|x64
		AlgoTest|x86 = AlgoTest|x86
		Debug|Any CPU = Debug|Any CPU
		Debug|Emscripten = Debug|Emscripten
		Debug|x64 = Debug|x64
		Debug|x86 = Debug|x86
		Release|Any CPU = Release|Any CPU
		Release|Emscripten = Release|Emscripten
		Release|x64 = Release|x64
		Release|x86 = Release|x86
		RelWithSymbol|Any CPU = RelWithSymbol|Any CPU
		RelWithSymbol|Emscripten = RelWithSymbol|Emscripten
		RelWithSymbol|x64 = RelWithSymbol|x64
		RelWithSymbol|x86 = RelWithSymbol|x86
	EndGlobalSection
	GlobalSection(ProjectConfigurationPlatforms) = postSolution
		{A6DF9C09-4175-4916-AC2A-A48043646991}.AlgoTest|Any CPU.ActiveCfg = LibraryDebug|x64
		{A6DF9C09-4175-4916-AC2A-A48043646991}.AlgoTest|Any CPU.Build.0 = LibraryDebug|x64
		{A6DF9C09-4175-4916-AC2A-A48043646991}.AlgoTest|Emscripten.ActiveCfg = LibraryRelease|x64
		{A6DF9C09-4175-4916-AC2A-A48043646991}.AlgoTest|Emscripten.Build.0 = LibraryRelease|x64
		{A6DF9C09-4175-4916-AC2A-A48043646991}.AlgoTest|x64.ActiveCfg = LibraryRelease|x64
		{A6DF9C09-4175-4916-AC2A-A48043646991}.AlgoTest|x64.Build.0 = LibraryRelease|x64
		{A6DF9C09-4175-4916-AC2A-A48043646991}.AlgoTest|x86.ActiveCfg = Release|x64
		{A6DF9C09-4175-4916-AC2A-A48043646991}.AlgoTest|x86.Build.0 = Release|x64
		{A6DF9C09-4175-4916-AC2A-A48043646991}.Debug|Any CPU.ActiveCfg = Debug|x64
		{A6DF9C09-4175-4916-AC2A-A48043646991}.Debug|Any CPU.Build.0 = Debug|x64
		{A6DF9C09-4175-4916-AC2A-A48043646991}.Debug|Emscripten.ActiveCfg = Debug|x64
		{A6DF9C09-4175-4916-AC2A-A48043646991}.Debug|Emscripten.Build.0 = Debug|x64
		{A6DF9C09-4175-4916-AC2A-A48043646991}.Debug|x64.ActiveCfg = LibraryDebug|x64
		{A6DF9C09-4175-4916-AC2A-A48043646991}.Debug|x86.ActiveCfg = Debug|x64
		{A6DF9C09-4175-4916-AC2A-A48043646991}.Debug|x86.Build.0 = Debug|x64
		{A6DF9C09-4175-4916-AC2A-A48043646991}.Release|Any CPU.ActiveCfg = Release|x64
		{A6DF9C09-4175-4916-AC2A-A48043646991}.Release|Any CPU.Build.0 = Release|x64
		{A6DF9C09-4175-4916-AC2A-A48043646991}.Release|Emscripten.ActiveCfg = Release|x64
		{A6DF9C09-4175-4916-AC2A-A48043646991}.Release|Emscripten.Build.0 = Release|x64
		{A6DF9C09-4175-4916-AC2A-A48043646991}.Release|x64.ActiveCfg = LibraryRelease|x64
		{A6DF9C09-4175-4916-AC2A-A48043646991}.Release|x64.Build.0 = LibraryRelease|x64
		{A6DF9C09-4175-4916-AC2A-A48043646991}.Release|x86.ActiveCfg = Release|x64
		{A6DF9C09-4175-4916-AC2A-A48043646991}.Release|x86.Build.0 = Release|x64
		{A6DF9C09-4175-4916-AC2A-A48043646991}.RelWithSymbol|Any CPU.ActiveCfg = Release|x64
		{A6DF9C09-4175-4916-AC2A-A48043646991}.RelWithSymbol|Any CPU.Build.0 = Release|x64
		{A6DF9C09-4175-4916-AC2A-A48043646991}.RelWithSymbol|Emscripten.ActiveCfg = Release|x64
		{A6DF9C09-4175-4916-AC2A-A48043646991}.RelWithSymbol|Emscripten.Build.0 = Release|x64
		{A6DF9C09-4175-4916-AC2A-A48043646991}.RelWithSymbol|x64.ActiveCfg = Release|x64
		{A6DF9C09-4175-4916-AC2A-A48043646991}.RelWithSymbol|x64.Build.0 = Release|x64
		{A6DF9C09-4175-4916-AC2A-A48043646991}.RelWithSymbol|x86.ActiveCfg = Release|x64
		{A6DF9C09-4175-4916-AC2A-A48043646991}.RelWithSymbol|x86.Build.0 = Release|x64
		{473DCB04-F780-409E-BFAC-89DBDFF4CF96}.AlgoTest|Any CPU.ActiveCfg = Release|Any CPU
		{473DCB04-F780-409E-BFAC-89DBDFF4CF96}.AlgoTest|Any CPU.Build.0 = Release|Any CPU
		{473DCB04-F780-409E-BFAC-89DBDFF4CF96}.AlgoTest|Emscripten.ActiveCfg = Debug|Any CPU
		{473DCB04-F780-409E-BFAC-89DBDFF4CF96}.AlgoTest|x64.ActiveCfg = Debug|Any CPU
		{473DCB04-F780-409E-BFAC-89DBDFF4CF96}.AlgoTest|x86.ActiveCfg = Release|Any CPU
		{473DCB04-F780-409E-BFAC-89DBDFF4CF96}.AlgoTest|x86.Build.0 = Release|Any CPU
		{473DCB04-F780-409E-BFAC-89DBDFF4CF96}.Debug|Any CPU.ActiveCfg = Debug|Any CPU
		{473DCB04-F780-409E-BFAC-89DBDFF4CF96}.Debug|Any CPU.Build.0 = Debug|Any CPU
		{473DCB04-F780-409E-BFAC-89DBDFF4CF96}.Debug|Emscripten.ActiveCfg = Debug|Any CPU
		{473DCB04-F780-409E-BFAC-89DBDFF4CF96}.Debug|x64.ActiveCfg = Debug|Any CPU
		{473DCB04-F780-409E-BFAC-89DBDFF4CF96}.Debug|x64.Build.0 = Debug|Any CPU
		{473DCB04-F780-409E-BFAC-89DBDFF4CF96}.Debug|x86.ActiveCfg = Debug|Any CPU
		{473DCB04-F780-409E-BFAC-89DBDFF4CF96}.Debug|x86.Build.0 = Debug|Any CPU
		{473DCB04-F780-409E-BFAC-89DBDFF4CF96}.Release|Any CPU.ActiveCfg = Release|Any CPU
		{473DCB04-F780-409E-BFAC-89DBDFF4CF96}.Release|Any CPU.Build.0 = Release|Any CPU
		{473DCB04-F780-409E-BFAC-89DBDFF4CF96}.Release|Emscripten.ActiveCfg = Release|Any CPU
		{473DCB04-F780-409E-BFAC-89DBDFF4CF96}.Release|x64.ActiveCfg = Release|Any CPU
		{473DCB04-F780-409E-BFAC-89DBDFF4CF96}.Release|x64.Build.0 = Release|Any CPU
		{473DCB04-F780-409E-BFAC-89DBDFF4CF96}.Release|x86.ActiveCfg = Release|Any CPU
		{473DCB04-F780-409E-BFAC-89DBDFF4CF96}.Release|x86.Build.0 = Release|Any CPU
		{473DCB04-F780-409E-BFAC-89DBDFF4CF96}.RelWithSymbol|Any CPU.ActiveCfg = Release|Any CPU
		{473DCB04-F780-409E-BFAC-89DBDFF4CF96}.RelWithSymbol|Any CPU.Build.0 = Release|Any CPU
		{473DCB04-F780-409E-BFAC-89DBDFF4CF96}.RelWithSymbol|Emscripten.ActiveCfg = Release|Any CPU
		{473DCB04-F780-409E-BFAC-89DBDFF4CF96}.RelWithSymbol|Emscripten.Build.0 = Release|Any CPU
		{473DCB04-F780-409E-BFAC-89DBDFF4CF96}.RelWithSymbol|x64.ActiveCfg = Release|Any CPU
		{473DCB04-F780-409E-BFAC-89DBDFF4CF96}.RelWithSymbol|x64.Build.0 = Release|Any CPU
		{473DCB04-F780-409E-BFAC-89DBDFF4CF96}.RelWithSymbol|x86.ActiveCfg = Release|Any CPU
		{473DCB04-F780-409E-BFAC-89DBDFF4CF96}.RelWithSymbol|x86.Build.0 = Release|Any CPU
		{EA5BFBA3-C7D7-4786-A91C-0C4A19B25F6D}.AlgoTest|Any CPU.ActiveCfg = Debug|Emscripten
		{EA5BFBA3-C7D7-4786-A91C-0C4A19B25F6D}.AlgoTest|Any CPU.Build.0 = Debug|Emscripten
		{EA5BFBA3-C7D7-4786-A91C-0C4A19B25F6D}.AlgoTest|Emscripten.ActiveCfg = Release|Emscripten
		{EA5BFBA3-C7D7-4786-A91C-0C4A19B25F6D}.AlgoTest|x64.ActiveCfg = WebDebug|Emscripten
		{EA5BFBA3-C7D7-4786-A91C-0C4A19B25F6D}.AlgoTest|x86.ActiveCfg = RelWithSymbol|Emscripten
		{EA5BFBA3-C7D7-4786-A91C-0C4A19B25F6D}.AlgoTest|x86.Build.0 = RelWithSymbol|Emscripten
		{EA5BFBA3-C7D7-4786-A91C-0C4A19B25F6D}.Debug|Any CPU.ActiveCfg = Debug|Emscripten
		{EA5BFBA3-C7D7-4786-A91C-0C4A19B25F6D}.Debug|Any CPU.Build.0 = Debug|Emscripten
		{EA5BFBA3-C7D7-4786-A91C-0C4A19B25F6D}.Debug|Emscripten.ActiveCfg = WebDebug|Emscripten
		{EA5BFBA3-C7D7-4786-A91C-0C4A19B25F6D}.Debug|Emscripten.Build.0 = WebDebug|Emscripten
		{EA5BFBA3-C7D7-4786-A91C-0C4A19B25F6D}.Debug|x64.ActiveCfg = Release|Emscripten
		{EA5BFBA3-C7D7-4786-A91C-0C4A19B25F6D}.Debug|x86.ActiveCfg = Debug|Emscripten
		{EA5BFBA3-C7D7-4786-A91C-0C4A19B25F6D}.Debug|x86.Build.0 = Debug|Emscripten
		{EA5BFBA3-C7D7-4786-A91C-0C4A19B25F6D}.Release|Any CPU.ActiveCfg = Release|Emscripten
		{EA5BFBA3-C7D7-4786-A91C-0C4A19B25F6D}.Release|Any CPU.Build.0 = Release|Emscripten
		{EA5BFBA3-C7D7-4786-A91C-0C4A19B25F6D}.Release|Emscripten.ActiveCfg = Release|Emscripten
		{EA5BFBA3-C7D7-4786-A91C-0C4A19B25F6D}.Release|Emscripten.Build.0 = Release|Emscripten
		{EA5BFBA3-C7D7-4786-A91C-0C4A19B25F6D}.Release|x64.ActiveCfg = Release|Emscripten
		{EA5BFBA3-C7D7-4786-A91C-0C4A19B25F6D}.Release|x64.Build.0 = Release|Emscripten
		{EA5BFBA3-C7D7-4786-A91C-0C4A19B25F6D}.Release|x86.ActiveCfg = Release|Emscripten
		{EA5BFBA3-C7D7-4786-A91C-0C4A19B25F6D}.Release|x86.Build.0 = Release|Emscripten
		{EA5BFBA3-C7D7-4786-A91C-0C4A19B25F6D}.RelWithSymbol|Any CPU.ActiveCfg = RelWithSymbol|Emscripten
		{EA5BFBA3-C7D7-4786-A91C-0C4A19B25F6D}.RelWithSymbol|Any CPU.Build.0 = RelWithSymbol|Emscripten
		{EA5BFBA3-C7D7-4786-A91C-0C4A19B25F6D}.RelWithSymbol|Emscripten.ActiveCfg = RelWithSymbol|Emscripten
		{EA5BFBA3-C7D7-4786-A91C-0C4A19B25F6D}.RelWithSymbol|Emscripten.Build.0 = RelWithSymbol|Emscripten
		{EA5BFBA3-C7D7-4786-A91C-0C4A19B25F6D}.RelWithSymbol|x64.ActiveCfg = RelWithSymbol|Emscripten
		{EA5BFBA3-C7D7-4786-A91C-0C4A19B25F6D}.RelWithSymbol|x64.Build.0 = RelWithSymbol|Emscripten
		{EA5BFBA3-C7D7-4786-A91C-0C4A19B25F6D}.RelWithSymbol|x86.ActiveCfg = RelWithSymbol|Emscripten
		{EA5BFBA3-C7D7-4786-A91C-0C4A19B25F6D}.RelWithSymbol|x86.Build.0 = RelWithSymbol|Emscripten
		{57CFC9CA-4DF6-40EB-BA03-0E6562A6E14A}.AlgoTest|Any CPU.ActiveCfg = Release|Any CPU
		{57CFC9CA-4DF6-40EB-BA03-0E6562A6E14A}.AlgoTest|Emscripten.ActiveCfg = Debug|Any CPU
		{57CFC9CA-4DF6-40EB-BA03-0E6562A6E14A}.AlgoTest|Emscripten.Build.0 = Debug|Any CPU
		{57CFC9CA-4DF6-40EB-BA03-0E6562A6E14A}.AlgoTest|x64.ActiveCfg = Debug|Any CPU
		{57CFC9CA-4DF6-40EB-BA03-0E6562A6E14A}.AlgoTest|x64.Build.0 = Debug|Any CPU
		{57CFC9CA-4DF6-40EB-BA03-0E6562A6E14A}.AlgoTest|x86.ActiveCfg = Release|Any CPU
		{57CFC9CA-4DF6-40EB-BA03-0E6562A6E14A}.AlgoTest|x86.Build.0 = Release|Any CPU
		{57CFC9CA-4DF6-40EB-BA03-0E6562A6E14A}.Debug|Any CPU.ActiveCfg = Debug|Any CPU
		{57CFC9CA-4DF6-40EB-BA03-0E6562A6E14A}.Debug|Emscripten.ActiveCfg = Debug|Any CPU
		{57CFC9CA-4DF6-40EB-BA03-0E6562A6E14A}.Debug|Emscripten.Build.0 = Debug|Any CPU
		{57CFC9CA-4DF6-40EB-BA03-0E6562A6E14A}.Debug|x64.ActiveCfg = Debug|Any CPU
		{57CFC9CA-4DF6-40EB-BA03-0E6562A6E14A}.Debug|x64.Build.0 = Debug|Any CPU
		{57CFC9CA-4DF6-40EB-BA03-0E6562A6E14A}.Debug|x86.ActiveCfg = Debug|Any CPU
		{57CFC9CA-4DF6-40EB-BA03-0E6562A6E14A}.Debug|x86.Build.0 = Debug|Any CPU
		{57CFC9CA-4DF6-40EB-BA03-0E6562A6E14A}.Release|Any CPU.ActiveCfg = Release|Any CPU
		{57CFC9CA-4DF6-40EB-BA03-0E6562A6E14A}.Release|Emscripten.ActiveCfg = Release|Any CPU
		{57CFC9CA-4DF6-40EB-BA03-0E6562A6E14A}.Release|Emscripten.Build.0 = Release|Any CPU
		{57CFC9CA-4DF6-40EB-BA03-0E6562A6E14A}.Release|x64.ActiveCfg = Release|Any CPU
		{57CFC9CA-4DF6-40EB-BA03-0E6562A6E14A}.Release|x64.Build.0 = Release|Any CPU
		{57CFC9CA-4DF6-40EB-BA03-0E6562A6E14A}.Release|x86.ActiveCfg = Release|Any CPU
		{57CFC9CA-4DF6-40EB-BA03-0E6562A6E14A}.Release|x86.Build.0 = Release|Any CPU
		{57CFC9CA-4DF6-40EB-BA03-0E6562A6E14A}.RelWithSymbol|Any CPU.ActiveCfg = Release|Any CPU
		{57CFC9CA-4DF6-40EB-BA03-0E6562A6E14A}.RelWithSymbol|Emscripten.ActiveCfg = Release|Any CPU
		{57CFC9CA-4DF6-40EB-BA03-0E6562A6E14A}.RelWithSymbol|Emscripten.Build.0 = Release|Any CPU
		{57CFC9CA-4DF6-40EB-BA03-0E6562A6E14A}.RelWithSymbol|x64.ActiveCfg = Release|x64
		{57CFC9CA-4DF6-40EB-BA03-0E6562A6E14A}.RelWithSymbol|x64.Build.0 = Release|x64
		{57CFC9CA-4DF6-40EB-BA03-0E6562A6E14A}.RelWithSymbol|x86.ActiveCfg = Release|Any CPU
		{57CFC9CA-4DF6-40EB-BA03-0E6562A6E14A}.RelWithSymbol|x86.Build.0 = Release|Any CPU
		{F4FE9945-3136-4897-9FD9-2DEA8A3690A1}.AlgoTest|Any CPU.ActiveCfg = Release|Any CPU
		{F4FE9945-3136-4897-9FD9-2DEA8A3690A1}.AlgoTest|Emscripten.ActiveCfg = Debug|Any CPU
		{F4FE9945-3136-4897-9FD9-2DEA8A3690A1}.AlgoTest|Emscripten.Build.0 = Debug|Any CPU
		{F4FE9945-3136-4897-9FD9-2DEA8A3690A1}.AlgoTest|x64.ActiveCfg = Debug|Any CPU
		{F4FE9945-3136-4897-9FD9-2DEA8A3690A1}.AlgoTest|x64.Build.0 = Debug|Any CPU
		{F4FE9945-3136-4897-9FD9-2DEA8A3690A1}.AlgoTest|x86.ActiveCfg = Release|Any CPU
		{F4FE9945-3136-4897-9FD9-2DEA8A3690A1}.AlgoTest|x86.Build.0 = Release|Any CPU
		{F4FE9945-3136-4897-9FD9-2DEA8A3690A1}.Debug|Any CPU.ActiveCfg = Debug|Any CPU
		{F4FE9945-3136-4897-9FD9-2DEA8A3690A1}.Debug|Emscripten.ActiveCfg = Debug|Any CPU
		{F4FE9945-3136-4897-9FD9-2DEA8A3690A1}.Debug|Emscripten.Build.0 = Debug|Any CPU
		{F4FE9945-3136-4897-9FD9-2DEA8A3690A1}.Debug|x64.ActiveCfg = Debug|Any CPU
		{F4FE9945-3136-4897-9FD9-2DEA8A3690A1}.Debug|x86.ActiveCfg = Debug|Any CPU
		{F4FE9945-3136-4897-9FD9-2DEA8A3690A1}.Debug|x86.Build.0 = Debug|Any CPU
		{F4FE9945-3136-4897-9FD9-2DEA8A3690A1}.Release|Any CPU.ActiveCfg = Release|Any CPU
		{F4FE9945-3136-4897-9FD9-2DEA8A3690A1}.Release|Emscripten.ActiveCfg = Release|Any CPU
		{F4FE9945-3136-4897-9FD9-2DEA8A3690A1}.Release|Emscripten.Build.0 = Release|Any CPU
		{F4FE9945-3136-4897-9FD9-2DEA8A3690A1}.Release|x64.ActiveCfg = Release|Any CPU
		{F4FE9945-3136-4897-9FD9-2DEA8A3690A1}.Release|x64.Build.0 = Release|Any CPU
		{F4FE9945-3136-4897-9FD9-2DEA8A3690A1}.Release|x86.ActiveCfg = Release|Any CPU
		{F4FE9945-3136-4897-9FD9-2DEA8A3690A1}.Release|x86.Build.0 = Release|Any CPU
		{F4FE9945-3136-4897-9FD9-2DEA8A3690A1}.RelWithSymbol|Any CPU.ActiveCfg = Release|Any CPU
		{F4FE9945-3136-4897-9FD9-2DEA8A3690A1}.RelWithSymbol|Emscripten.ActiveCfg = Release|Any CPU
		{F4FE9945-3136-4897-9FD9-2DEA8A3690A1}.RelWithSymbol|Emscripten.Build.0 = Release|Any CPU
		{F4FE9945-3136-4897-9FD9-2DEA8A3690A1}.RelWithSymbol|x64.ActiveCfg = Release|Any CPU
		{F4FE9945-3136-4897-9FD9-2DEA8A3690A1}.RelWithSymbol|x64.Build.0 = Release|Any CPU
		{F4FE9945-3136-4897-9FD9-2DEA8A3690A1}.RelWithSymbol|x86.ActiveCfg = Release|Any CPU
		{F4FE9945-3136-4897-9FD9-2DEA8A3690A1}.RelWithSymbol|x86.Build.0 = Release|Any CPU
		{A936BE21-5927-4AFF-B738-FF80A70BBBDF}.AlgoTest|Any CPU.ActiveCfg = Release|Any CPU
		{A936BE21-5927-4AFF-B738-FF80A70BBBDF}.AlgoTest|Emscripten.ActiveCfg = Debug|Any CPU
		{A936BE21-5927-4AFF-B738-FF80A70BBBDF}.AlgoTest|Emscripten.Build.0 = Debug|Any CPU
		{A936BE21-5927-4AFF-B738-FF80A70BBBDF}.AlgoTest|x64.ActiveCfg = Debug|Any CPU
		{A936BE21-5927-4AFF-B738-FF80A70BBBDF}.AlgoTest|x64.Build.0 = Debug|Any CPU
		{A936BE21-5927-4AFF-B738-FF80A70BBBDF}.AlgoTest|x86.ActiveCfg = Release|Any CPU
		{A936BE21-5927-4AFF-B738-FF80A70BBBDF}.AlgoTest|x86.Build.0 = Release|Any CPU
		{A936BE21-5927-4AFF-B738-FF80A70BBBDF}.Debug|Any CPU.ActiveCfg = Debug|Any CPU
		{A936BE21-5927-4AFF-B738-FF80A70BBBDF}.Debug|Emscripten.ActiveCfg = Debug|Any CPU
		{A936BE21-5927-4AFF-B738-FF80A70BBBDF}.Debug|Emscripten.Build.0 = Debug|Any CPU
		{A936BE21-5927-4AFF-B738-FF80A70BBBDF}.Debug|x64.ActiveCfg = Debug|Any CPU
		{A936BE21-5927-4AFF-B738-FF80A70BBBDF}.Debug|x64.Build.0 = Debug|Any CPU
		{A936BE21-5927-4AFF-B738-FF80A70BBBDF}.Debug|x86.ActiveCfg = Debug|Any CPU
		{A936BE21-5927-4AFF-B738-FF80A70BBBDF}.Debug|x86.Build.0 = Debug|Any CPU
		{A936BE21-5927-4AFF-B738-FF80A70BBBDF}.Release|Any CPU.ActiveCfg = Release|Any CPU
		{A936BE21-5927-4AFF-B738-FF80A70BBBDF}.Release|Emscripten.ActiveCfg = Release|Any CPU
		{A936BE21-5927-4AFF-B738-FF80A70BBBDF}.Release|Emscripten.Build.0 = Release|Any CPU
		{A936BE21-5927-4AFF-B738-FF80A70BBBDF}.Release|x64.ActiveCfg = Release|Any CPU
		{A936BE21-5927-4AFF-B738-FF80A70BBBDF}.Release|x64.Build.0 = Release|Any CPU
		{A936BE21-5927-4AFF-B738-FF80A70BBBDF}.Release|x86.ActiveCfg = Release|Any CPU
		{A936BE21-5927-4AFF-B738-FF80A70BBBDF}.Release|x86.Build.0 = Release|Any CPU
		{A936BE21-5927-4AFF-B738-FF80A70BBBDF}.RelWithSymbol|Any CPU.ActiveCfg = Release|Any CPU
		{A936BE21-5927-4AFF-B738-FF80A70BBBDF}.RelWithSymbol|Emscripten.ActiveCfg = Release|Any CPU
		{A936BE21-5927-4AFF-B738-FF80A70BBBDF}.RelWithSymbol|Emscripten.Build.0 = Release|Any CPU
		{A936BE21-5927-4AFF-B738-FF80A70BBBDF}.RelWithSymbol|x64.ActiveCfg = Release|Any CPU
		{A936BE21-5927-4AFF-B738-FF80A70BBBDF}.RelWithSymbol|x64.Build.0 = Release|Any CPU
		{A936BE21-5927-4AFF-B738-FF80A70BBBDF}.RelWithSymbol|x86.ActiveCfg = Release|Any CPU
		{A936BE21-5927-4AFF-B738-FF80A70BBBDF}.RelWithSymbol|x86.Build.0 = Release|Any CPU
		{F340CE50-159D-4811-9998-AAFE3ED2A923}.AlgoTest|Any CPU.ActiveCfg = Release|Any CPU
		{F340CE50-159D-4811-9998-AAFE3ED2A923}.AlgoTest|Emscripten.ActiveCfg = Debug|Any CPU
		{F340CE50-159D-4811-9998-AAFE3ED2A923}.AlgoTest|Emscripten.Build.0 = Debug|Any CPU
		{F340CE50-159D-4811-9998-AAFE3ED2A923}.AlgoTest|x64.ActiveCfg = Debug|Any CPU
		{F340CE50-159D-4811-9998-AAFE3ED2A923}.AlgoTest|x64.Build.0 = Debug|Any CPU
		{F340CE50-159D-4811-9998-AAFE3ED2A923}.AlgoTest|x86.ActiveCfg = Release|Any CPU
		{F340CE50-159D-4811-9998-AAFE3ED2A923}.AlgoTest|x86.Build.0 = Release|Any CPU
		{F340CE50-159D-4811-9998-AAFE3ED2A923}.Debug|Any CPU.ActiveCfg = Debug|Any CPU
		{F340CE50-159D-4811-9998-AAFE3ED2A923}.Debug|Emscripten.ActiveCfg = Debug|Any CPU
		{F340CE50-159D-4811-9998-AAFE3ED2A923}.Debug|Emscripten.Build.0 = Debug|Any CPU
		{F340CE50-159D-4811-9998-AAFE3ED2A923}.Debug|x64.ActiveCfg = Debug|Any CPU
		{F340CE50-159D-4811-9998-AAFE3ED2A923}.Debug|x64.Build.0 = Debug|Any CPU
		{F340CE50-159D-4811-9998-AAFE3ED2A923}.Debug|x86.ActiveCfg = Debug|Any CPU
		{F340CE50-159D-4811-9998-AAFE3ED2A923}.Debug|x86.Build.0 = Debug|Any CPU
		{F340CE50-159D-4811-9998-AAFE3ED2A923}.Release|Any CPU.ActiveCfg = Release|Any CPU
		{F340CE50-159D-4811-9998-AAFE3ED2A923}.Release|Emscripten.ActiveCfg = Release|Any CPU
		{F340CE50-159D-4811-9998-AAFE3ED2A923}.Release|Emscripten.Build.0 = Release|Any CPU
		{F340CE50-159D-4811-9998-AAFE3ED2A923}.Release|x64.ActiveCfg = Release|Any CPU
		{F340CE50-159D-4811-9998-AAFE3ED2A923}.Release|x64.Build.0 = Release|Any CPU
		{F340CE50-159D-4811-9998-AAFE3ED2A923}.Release|x86.ActiveCfg = Release|Any CPU
		{F340CE50-159D-4811-9998-AAFE3ED2A923}.Release|x86.Build.0 = Release|Any CPU
		{F340CE50-159D-4811-9998-AAFE3ED2A923}.RelWithSymbol|Any CPU.ActiveCfg = Release|Any CPU
		{F340CE50-159D-4811-9998-AAFE3ED2A923}.RelWithSymbol|Emscripten.ActiveCfg = Release|Any CPU
		{F340CE50-159D-4811-9998-AAFE3ED2A923}.RelWithSymbol|x64.ActiveCfg = Release|Any CPU
		{F340CE50-159D-4811-9998-AAFE3ED2A923}.RelWithSymbol|x86.ActiveCfg = Release|Any CPU
		{F340CE50-159D-4811-9998-AAFE3ED2A923}.RelWithSymbol|x86.Build.0 = Release|Any CPU
		{CD75C8FD-B501-4515-A279-FF8BF8543DCD}.AlgoTest|Any CPU.ActiveCfg = Release|Any CPU
		{CD75C8FD-B501-4515-A279-FF8BF8543DCD}.AlgoTest|Emscripten.ActiveCfg = Debug|Any CPU
		{CD75C8FD-B501-4515-A279-FF8BF8543DCD}.AlgoTest|Emscripten.Build.0 = Debug|Any CPU
		{CD75C8FD-B501-4515-A279-FF8BF8543DCD}.AlgoTest|x64.ActiveCfg = Debug|Any CPU
		{CD75C8FD-B501-4515-A279-FF8BF8543DCD}.AlgoTest|x64.Build.0 = Debug|Any CPU
		{CD75C8FD-B501-4515-A279-FF8BF8543DCD}.AlgoTest|x86.ActiveCfg = Release|Any CPU
		{CD75C8FD-B501-4515-A279-FF8BF8543DCD}.Debug|Any CPU.ActiveCfg = Debug|Any CPU
		{CD75C8FD-B501-4515-A279-FF8BF8543DCD}.Debug|Emscripten.ActiveCfg = Debug|Any CPU
		{CD75C8FD-B501-4515-A279-FF8BF8543DCD}.Debug|Emscripten.Build.0 = Debug|Any CPU
		{CD75C8FD-B501-4515-A279-FF8BF8543DCD}.Debug|x64.ActiveCfg = Debug|Any CPU
		{CD75C8FD-B501-4515-A279-FF8BF8543DCD}.Debug|x64.Build.0 = Debug|Any CPU
		{CD75C8FD-B501-4515-A279-FF8BF8543DCD}.Debug|x86.ActiveCfg = Debug|Any CPU
		{CD75C8FD-B501-4515-A279-FF8BF8543DCD}.Release|Any CPU.ActiveCfg = Release|Any CPU
		{CD75C8FD-B501-4515-A279-FF8BF8543DCD}.Release|Emscripten.ActiveCfg = Release|Any CPU
		{CD75C8FD-B501-4515-A279-FF8BF8543DCD}.Release|Emscripten.Build.0 = Release|Any CPU
		{CD75C8FD-B501-4515-A279-FF8BF8543DCD}.Release|x64.ActiveCfg = Release|Any CPU
		{CD75C8FD-B501-4515-A279-FF8BF8543DCD}.Release|x64.Build.0 = Release|Any CPU
		{CD75C8FD-B501-4515-A279-FF8BF8543DCD}.Release|x86.ActiveCfg = Release|Any CPU
		{CD75C8FD-B501-4515-A279-FF8BF8543DCD}.RelWithSymbol|Any CPU.ActiveCfg = Release|Any CPU
		{CD75C8FD-B501-4515-A279-FF8BF8543DCD}.RelWithSymbol|Emscripten.ActiveCfg = Release|Any CPU
		{CD75C8FD-B501-4515-A279-FF8BF8543DCD}.RelWithSymbol|x64.ActiveCfg = Release|Any CPU
		{CD75C8FD-B501-4515-A279-FF8BF8543DCD}.RelWithSymbol|x86.ActiveCfg = Release|Any CPU
		{C65C3405-A621-4795-A75C-991E113233B0}.AlgoTest|Any CPU.ActiveCfg = Release|Any CPU
		{C65C3405-A621-4795-A75C-991E113233B0}.AlgoTest|Emscripten.ActiveCfg = Debug|Any CPU
		{C65C3405-A621-4795-A75C-991E113233B0}.AlgoTest|Emscripten.Build.0 = Debug|Any CPU
		{C65C3405-A621-4795-A75C-991E113233B0}.AlgoTest|x64.ActiveCfg = Debug|Any CPU
		{C65C3405-A621-4795-A75C-991E113233B0}.AlgoTest|x64.Build.0 = Debug|Any CPU
		{C65C3405-A621-4795-A75C-991E113233B0}.AlgoTest|x86.ActiveCfg = Release|Any CPU
		{C65C3405-A621-4795-A75C-991E113233B0}.Debug|Any CPU.ActiveCfg = Debug|Any CPU
		{C65C3405-A621-4795-A75C-991E113233B0}.Debug|Emscripten.ActiveCfg = Debug|Any CPU
		{C65C3405-A621-4795-A75C-991E113233B0}.Debug|Emscripten.Build.0 = Debug|Any CPU
		{C65C3405-A621-4795-A75C-991E113233B0}.Debug|x64.ActiveCfg = Debug|Any CPU
		{C65C3405-A621-4795-A75C-991E113233B0}.Debug|x64.Build.0 = Debug|Any CPU
		{C65C3405-A621-4795-A75C-991E113233B0}.Debug|x86.ActiveCfg = Debug|Any CPU
		{C65C3405-A621-4795-A75C-991E113233B0}.Release|Any CPU.ActiveCfg = Release|Any CPU
		{C65C3405-A621-4795-A75C-991E113233B0}.Release|Emscripten.ActiveCfg = Release|Any CPU
		{C65C3405-A621-4795-A75C-991E113233B0}.Release|Emscripten.Build.0 = Release|Any CPU
		{C65C3405-A621-4795-A75C-991E113233B0}.Release|x64.ActiveCfg = Release|Any CPU
		{C65C3405-A621-4795-A75C-991E113233B0}.Release|x64.Build.0 = Release|Any CPU
		{C65C3405-A621-4795-A75C-991E113233B0}.Release|x86.ActiveCfg = Release|Any CPU
		{C65C3405-A621-4795-A75C-991E113233B0}.RelWithSymbol|Any CPU.ActiveCfg = Release|Any CPU
		{C65C3405-A621-4795-A75C-991E113233B0}.RelWithSymbol|Emscripten.ActiveCfg = Release|Any CPU
		{C65C3405-A621-4795-A75C-991E113233B0}.RelWithSymbol|x64.ActiveCfg = Release|Any CPU
		{C65C3405-A621-4795-A75C-991E113233B0}.RelWithSymbol|x86.ActiveCfg = Release|Any CPU
		{C901F45F-1732-4A7B-8C24-7CCD278931CB}.AlgoTest|Any CPU.ActiveCfg = Release|Any CPU
		{C901F45F-1732-4A7B-8C24-7CCD278931CB}.AlgoTest|Emscripten.ActiveCfg = Debug|Any CPU
		{C901F45F-1732-4A7B-8C24-7CCD278931CB}.AlgoTest|Emscripten.Build.0 = Debug|Any CPU
		{C901F45F-1732-4A7B-8C24-7CCD278931CB}.AlgoTest|x64.ActiveCfg = Debug|Any CPU
		{C901F45F-1732-4A7B-8C24-7CCD278931CB}.AlgoTest|x64.Build.0 = Debug|Any CPU
		{C901F45F-1732-4A7B-8C24-7CCD278931CB}.AlgoTest|x86.ActiveCfg = Release|Any CPU
		{C901F45F-1732-4A7B-8C24-7CCD278931CB}.AlgoTest|x86.Build.0 = Release|Any CPU
		{C901F45F-1732-4A7B-8C24-7CCD278931CB}.Debug|Any CPU.ActiveCfg = Debug|Any CPU
		{C901F45F-1732-4A7B-8C24-7CCD278931CB}.Debug|Emscripten.ActiveCfg = Debug|Any CPU
		{C901F45F-1732-4A7B-8C24-7CCD278931CB}.Debug|Emscripten.Build.0 = Debug|Any CPU
		{C901F45F-1732-4A7B-8C24-7CCD278931CB}.Debug|x64.ActiveCfg = Debug|Any CPU
		{C901F45F-1732-4A7B-8C24-7CCD278931CB}.Debug|x64.Build.0 = Debug|Any CPU
		{C901F45F-1732-4A7B-8C24-7CCD278931CB}.Debug|x86.ActiveCfg = Debug|Any CPU
		{C901F45F-1732-4A7B-8C24-7CCD278931CB}.Debug|x86.Build.0 = Debug|Any CPU
		{C901F45F-1732-4A7B-8C24-7CCD278931CB}.Release|Any CPU.ActiveCfg = Release|Any CPU
		{C901F45F-1732-4A7B-8C24-7CCD278931CB}.Release|Emscripten.ActiveCfg = Release|Any CPU
		{C901F45F-1732-4A7B-8C24-7CCD278931CB}.Release|Emscripten.Build.0 = Release|Any CPU
		{C901F45F-1732-4A7B-8C24-7CCD278931CB}.Release|x64.ActiveCfg = Release|Any CPU
		{C901F45F-1732-4A7B-8C24-7CCD278931CB}.Release|x64.Build.0 = Release|Any CPU
		{C901F45F-1732-4A7B-8C24-7CCD278931CB}.Release|x86.ActiveCfg = Release|Any CPU
		{C901F45F-1732-4A7B-8C24-7CCD278931CB}.Release|x86.Build.0 = Release|Any CPU
		{C901F45F-1732-4A7B-8C24-7CCD278931CB}.RelWithSymbol|Any CPU.ActiveCfg = Release|Any CPU
		{C901F45F-1732-4A7B-8C24-7CCD278931CB}.RelWithSymbol|Emscripten.ActiveCfg = Release|Any CPU
		{C901F45F-1732-4A7B-8C24-7CCD278931CB}.RelWithSymbol|Emscripten.Build.0 = Release|Any CPU
		{C901F45F-1732-4A7B-8C24-7CCD278931CB}.RelWithSymbol|x64.ActiveCfg = Release|Any CPU
		{C901F45F-1732-4A7B-8C24-7CCD278931CB}.RelWithSymbol|x64.Build.0 = Release|Any CPU
		{C901F45F-1732-4A7B-8C24-7CCD278931CB}.RelWithSymbol|x86.ActiveCfg = Release|Any CPU
		{C901F45F-1732-4A7B-8C24-7CCD278931CB}.RelWithSymbol|x86.Build.0 = Release|Any CPU
		{32DBBF46-0D16-477A-8F41-AF36883FE2BF}.AlgoTest|Any CPU.ActiveCfg = Release|Any CPU
		{32DBBF46-0D16-477A-8F41-AF36883FE2BF}.AlgoTest|Emscripten.ActiveCfg = Debug|Any CPU
		{32DBBF46-0D16-477A-8F41-AF36883FE2BF}.AlgoTest|Emscripten.Build.0 = Debug|Any CPU
		{32DBBF46-0D16-477A-8F41-AF36883FE2BF}.AlgoTest|x64.ActiveCfg = Debug|x64
		{32DBBF46-0D16-477A-8F41-AF36883FE2BF}.AlgoTest|x64.Build.0 = Debug|x64
		{32DBBF46-0D16-477A-8F41-AF36883FE2BF}.AlgoTest|x86.ActiveCfg = Release|Any CPU
		{32DBBF46-0D16-477A-8F41-AF36883FE2BF}.AlgoTest|x86.Build.0 = Release|Any CPU
		{32DBBF46-0D16-477A-8F41-AF36883FE2BF}.Debug|Any CPU.ActiveCfg = Debug|Any CPU
		{32DBBF46-0D16-477A-8F41-AF36883FE2BF}.Debug|Emscripten.ActiveCfg = Debug|Any CPU
		{32DBBF46-0D16-477A-8F41-AF36883FE2BF}.Debug|Emscripten.Build.0 = Debug|Any CPU
		{32DBBF46-0D16-477A-8F41-AF36883FE2BF}.Debug|x64.ActiveCfg = Debug|x64
		{32DBBF46-0D16-477A-8F41-AF36883FE2BF}.Debug|x64.Build.0 = Debug|x64
		{32DBBF46-0D16-477A-8F41-AF36883FE2BF}.Debug|x86.ActiveCfg = Debug|Any CPU
		{32DBBF46-0D16-477A-8F41-AF36883FE2BF}.Debug|x86.Build.0 = Debug|Any CPU
		{32DBBF46-0D16-477A-8F41-AF36883FE2BF}.Release|Any CPU.ActiveCfg = Release|Any CPU
		{32DBBF46-0D16-477A-8F41-AF36883FE2BF}.Release|Emscripten.ActiveCfg = Release|Any CPU
		{32DBBF46-0D16-477A-8F41-AF36883FE2BF}.Release|Emscripten.Build.0 = Release|Any CPU
		{32DBBF46-0D16-477A-8F41-AF36883FE2BF}.Release|x64.ActiveCfg = Release|x64
		{32DBBF46-0D16-477A-8F41-AF36883FE2BF}.Release|x64.Build.0 = Release|x64
		{32DBBF46-0D16-477A-8F41-AF36883FE2BF}.Release|x86.ActiveCfg = Release|Any CPU
		{32DBBF46-0D16-477A-8F41-AF36883FE2BF}.Release|x86.Build.0 = Release|Any CPU
		{32DBBF46-0D16-477A-8F41-AF36883FE2BF}.RelWithSymbol|Any CPU.ActiveCfg = Release|Any CPU
		{32DBBF46-0D16-477A-8F41-AF36883FE2BF}.RelWithSymbol|Emscripten.ActiveCfg = Release|Any CPU
		{32DBBF46-0D16-477A-8F41-AF36883FE2BF}.RelWithSymbol|Emscripten.Build.0 = Release|Any CPU
		{32DBBF46-0D16-477A-8F41-AF36883FE2BF}.RelWithSymbol|x64.ActiveCfg = Release|x64
		{32DBBF46-0D16-477A-8F41-AF36883FE2BF}.RelWithSymbol|x64.Build.0 = Release|x64
		{32DBBF46-0D16-477A-8F41-AF36883FE2BF}.RelWithSymbol|x86.ActiveCfg = Release|Any CPU
		{32DBBF46-0D16-477A-8F41-AF36883FE2BF}.RelWithSymbol|x86.Build.0 = Release|Any CPU
		{8285A45F-44AA-4A17-A738-A28394DD3A00}.AlgoTest|Any CPU.ActiveCfg = Release|x64
		{8285A45F-44AA-4A17-A738-A28394DD3A00}.AlgoTest|Any CPU.Build.0 = Release|x64
		{8285A45F-44AA-4A17-A738-A28394DD3A00}.AlgoTest|Emscripten.ActiveCfg = Debug|x64
		{8285A45F-44AA-4A17-A738-A28394DD3A00}.AlgoTest|Emscripten.Build.0 = Debug|x64
		{8285A45F-44AA-4A17-A738-A28394DD3A00}.AlgoTest|x64.ActiveCfg = Debug|x64
		{8285A45F-44AA-4A17-A738-A28394DD3A00}.AlgoTest|x64.Build.0 = Debug|x64
		{8285A45F-44AA-4A17-A738-A28394DD3A00}.AlgoTest|x86.ActiveCfg = Debug|x64
		{8285A45F-44AA-4A17-A738-A28394DD3A00}.AlgoTest|x86.Build.0 = Debug|x64
		{8285A45F-44AA-4A17-A738-A28394DD3A00}.Debug|Any CPU.ActiveCfg = Debug|x64
		{8285A45F-44AA-4A17-A738-A28394DD3A00}.Debug|Any CPU.Build.0 = Debug|x64
		{8285A45F-44AA-4A17-A738-A28394DD3A00}.Debug|Emscripten.ActiveCfg = Debug|x64
		{8285A45F-44AA-4A17-A738-A28394DD3A00}.Debug|Emscripten.Build.0 = Debug|x64
		{8285A45F-44AA-4A17-A738-A28394DD3A00}.Debug|x64.ActiveCfg = Debug|x64
		{8285A45F-44AA-4A17-A738-A28394DD3A00}.Debug|x64.Build.0 = Debug|x64
		{8285A45F-44AA-4A17-A738-A28394DD3A00}.Debug|x86.ActiveCfg = Debug|x64
		{8285A45F-44AA-4A17-A738-A28394DD3A00}.Debug|x86.Build.0 = Debug|x64
		{8285A45F-44AA-4A17-A738-A28394DD3A00}.Release|Any CPU.ActiveCfg = Release|x64
		{8285A45F-44AA-4A17-A738-A28394DD3A00}.Release|Any CPU.Build.0 = Release|x64
		{8285A45F-44AA-4A17-A738-A28394DD3A00}.Release|Emscripten.ActiveCfg = Release|x64
		{8285A45F-44AA-4A17-A738-A28394DD3A00}.Release|Emscripten.Build.0 = Release|x64
		{8285A45F-44AA-4A17-A738-A28394DD3A00}.Release|x64.ActiveCfg = Release|x64
		{8285A45F-44AA-4A17-A738-A28394DD3A00}.Release|x64.Build.0 = Release|x64
		{8285A45F-44AA-4A17-A738-A28394DD3A00}.Release|x86.ActiveCfg = Release|x64
		{8285A45F-44AA-4A17-A738-A28394DD3A00}.Release|x86.Build.0 = Release|x64
		{8285A45F-44AA-4A17-A738-A28394DD3A00}.RelWithSymbol|Any CPU.ActiveCfg = Release|x64
		{8285A45F-44AA-4A17-A738-A28394DD3A00}.RelWithSymbol|Any CPU.Build.0 = Release|x64
		{8285A45F-44AA-4A17-A738-A28394DD3A00}.RelWithSymbol|Emscripten.ActiveCfg = Release|x64
		{8285A45F-44AA-4A17-A738-A28394DD3A00}.RelWithSymbol|Emscripten.Build.0 = Release|x64
		{8285A45F-44AA-4A17-A738-A28394DD3A00}.RelWithSymbol|x64.ActiveCfg = Release|x64
		{8285A45F-44AA-4A17-A738-A28394DD3A00}.RelWithSymbol|x64.Build.0 = Release|x64
		{8285A45F-44AA-4A17-A738-A28394DD3A00}.RelWithSymbol|x86.ActiveCfg = Release|x64
		{8285A45F-44AA-4A17-A738-A28394DD3A00}.RelWithSymbol|x86.Build.0 = Release|x64
		{F469C61E-6E82-43EE-A9EA-5D7017682977}.AlgoTest|Any CPU.ActiveCfg = Release|x64
		{F469C61E-6E82-43EE-A9EA-5D7017682977}.AlgoTest|Any CPU.Build.0 = Release|x64
		{F469C61E-6E82-43EE-A9EA-5D7017682977}.AlgoTest|Emscripten.ActiveCfg = Debug|x64
		{F469C61E-6E82-43EE-A9EA-5D7017682977}.AlgoTest|Emscripten.Build.0 = Debug|x64
		{F469C61E-6E82-43EE-A9EA-5D7017682977}.AlgoTest|x64.ActiveCfg = Debug|x64
		{F469C61E-6E82-43EE-A9EA-5D7017682977}.AlgoTest|x64.Build.0 = Debug|x64
		{F469C61E-6E82-43EE-A9EA-5D7017682977}.AlgoTest|x86.ActiveCfg = Debug|x64
		{F469C61E-6E82-43EE-A9EA-5D7017682977}.AlgoTest|x86.Build.0 = Debug|x64
		{F469C61E-6E82-43EE-A9EA-5D7017682977}.Debug|Any CPU.ActiveCfg = Debug|x64
		{F469C61E-6E82-43EE-A9EA-5D7017682977}.Debug|Any CPU.Build.0 = Debug|x64
		{F469C61E-6E82-43EE-A9EA-5D7017682977}.Debug|Emscripten.ActiveCfg = Debug|x64
		{F469C61E-6E82-43EE-A9EA-5D7017682977}.Debug|Emscripten.Build.0 = Debug|x64
		{F469C61E-6E82-43EE-A9EA-5D7017682977}.Debug|x64.ActiveCfg = Debug|x64
		{F469C61E-6E82-43EE-A9EA-5D7017682977}.Debug|x64.Build.0 = Debug|x64
		{F469C61E-6E82-43EE-A9EA-5D7017682977}.Debug|x86.ActiveCfg = Debug|x64
		{F469C61E-6E82-43EE-A9EA-5D7017682977}.Debug|x86.Build.0 = Debug|x64
		{F469C61E-6E82-43EE-A9EA-5D7017682977}.Release|Any CPU.ActiveCfg = Release|x64
		{F469C61E-6E82-43EE-A9EA-5D7017682977}.Release|Any CPU.Build.0 = Release|x64
		{F469C61E-6E82-43EE-A9EA-5D7017682977}.Release|Emscripten.ActiveCfg = Release|x64
		{F469C61E-6E82-43EE-A9EA-5D7017682977}.Release|Emscripten.Build.0 = Release|x64
		{F469C61E-6E82-43EE-A9EA-5D7017682977}.Release|x64.ActiveCfg = Release|x64
		{F469C61E-6E82-43EE-A9EA-5D7017682977}.Release|x64.Build.0 = Release|x64
		{F469C61E-6E82-43EE-A9EA-5D7017682977}.Release|x86.ActiveCfg = Release|x64
		{F469C61E-6E82-43EE-A9EA-5D7017682977}.Release|x86.Build.0 = Release|x64
		{F469C61E-6E82-43EE-A9EA-5D7017682977}.RelWithSymbol|Any CPU.ActiveCfg = Release|x64
		{F469C61E-6E82-43EE-A9EA-5D7017682977}.RelWithSymbol|Any CPU.Build.0 = Release|x64
		{F469C61E-6E82-43EE-A9EA-5D7017682977}.RelWithSymbol|Emscripten.ActiveCfg = Release|x64
		{F469C61E-6E82-43EE-A9EA-5D7017682977}.RelWithSymbol|Emscripten.Build.0 = Release|x64
		{F469C61E-6E82-43EE-A9EA-5D7017682977}.RelWithSymbol|x64.ActiveCfg = Release|x64
		{F469C61E-6E82-43EE-A9EA-5D7017682977}.RelWithSymbol|x64.Build.0 = Release|x64
		{F469C61E-6E82-43EE-A9EA-5D7017682977}.RelWithSymbol|x86.ActiveCfg = Release|x64
		{F469C61E-6E82-43EE-A9EA-5D7017682977}.RelWithSymbol|x86.Build.0 = Release|x64
		{9F07E0CF-FAC3-4BE9-9C0F-6A3AFAA34F23}.AlgoTest|Any CPU.ActiveCfg = Debug|x64
		{9F07E0CF-FAC3-4BE9-9C0F-6A3AFAA34F23}.AlgoTest|Any CPU.Build.0 = Debug|x64
		{9F07E0CF-FAC3-4BE9-9C0F-6A3AFAA34F23}.AlgoTest|Emscripten.ActiveCfg = Debug|x64
		{9F07E0CF-FAC3-4BE9-9C0F-6A3AFAA34F23}.AlgoTest|Emscripten.Build.0 = Debug|x64
		{9F07E0CF-FAC3-4BE9-9C0F-6A3AFAA34F23}.AlgoTest|x64.ActiveCfg = Debug|x64
		{9F07E0CF-FAC3-4BE9-9C0F-6A3AFAA34F23}.AlgoTest|x64.Build.0 = Debug|x64
		{9F07E0CF-FAC3-4BE9-9C0F-6A3AFAA34F23}.AlgoTest|x86.ActiveCfg = Debug|x64
		{9F07E0CF-FAC3-4BE9-9C0F-6A3AFAA34F23}.AlgoTest|x86.Build.0 = Debug|x64
		{9F07E0CF-FAC3-4BE9-9C0F-6A3AFAA34F23}.Debug|Any CPU.ActiveCfg = Debug|x64
		{9F07E0CF-FAC3-4BE9-9C0F-6A3AFAA34F23}.Debug|Any CPU.Build.0 = Debug|x64
		{9F07E0CF-FAC3-4BE9-9C0F-6A3AFAA34F23}.Debug|Emscripten.ActiveCfg = Debug|x64
		{9F07E0CF-FAC3-4BE9-9C0F-6A3AFAA34F23}.Debug|Emscripten.Build.0 = Debug|x64
		{9F07E0CF-FAC3-4BE9-9C0F-6A3AFAA34F23}.Debug|x64.ActiveCfg = Debug|x64
		{9F07E0CF-FAC3-4BE9-9C0F-6A3AFAA34F23}.Debug|x64.Build.0 = Debug|x64
		{9F07E0CF-FAC3-4BE9-9C0F-6A3AFAA34F23}.Debug|x86.ActiveCfg = Debug|x64
		{9F07E0CF-FAC3-4BE9-9C0F-6A3AFAA34F23}.Debug|x86.Build.0 = Debug|x64
		{9F07E0CF-FAC3-4BE9-9C0F-6A3AFAA34F23}.Release|Any CPU.ActiveCfg = Release|x64
		{9F07E0CF-FAC3-4BE9-9C0F-6A3AFAA34F23}.Release|Any CPU.Build.0 = Release|x64
		{9F07E0CF-FAC3-4BE9-9C0F-6A3AFAA34F23}.Release|Emscripten.ActiveCfg = Release|x64
		{9F07E0CF-FAC3-4BE9-9C0F-6A3AFAA34F23}.Release|Emscripten.Build.0 = Release|x64
		{9F07E0CF-FAC3-4BE9-9C0F-6A3AFAA34F23}.Release|x64.ActiveCfg = Release|x64
		{9F07E0CF-FAC3-4BE9-9C0F-6A3AFAA34F23}.Release|x64.Build.0 = Release|x64
		{9F07E0CF-FAC3-4BE9-9C0F-6A3AFAA34F23}.Release|x86.ActiveCfg = Release|x64
		{9F07E0CF-FAC3-4BE9-9C0F-6A3AFAA34F23}.Release|x86.Build.0 = Release|x64
		{9F07E0CF-FAC3-4BE9-9C0F-6A3AFAA34F23}.RelWithSymbol|Any CPU.ActiveCfg = Release|x64
		{9F07E0CF-FAC3-4BE9-9C0F-6A3AFAA34F23}.RelWithSymbol|Any CPU.Build.0 = Release|x64
		{9F07E0CF-FAC3-4BE9-9C0F-6A3AFAA34F23}.RelWithSymbol|Emscripten.ActiveCfg = Release|x64
		{9F07E0CF-FAC3-4BE9-9C0F-6A3AFAA34F23}.RelWithSymbol|Emscripten.Build.0 = Release|x64
		{9F07E0CF-FAC3-4BE9-9C0F-6A3AFAA34F23}.RelWithSymbol|x64.ActiveCfg = Release|x64
		{9F07E0CF-FAC3-4BE9-9C0F-6A3AFAA34F23}.RelWithSymbol|x64.Build.0 = Release|x64
		{9F07E0CF-FAC3-4BE9-9C0F-6A3AFAA34F23}.RelWithSymbol|x86.ActiveCfg = Release|x64
		{9F07E0CF-FAC3-4BE9-9C0F-6A3AFAA34F23}.RelWithSymbol|x86.Build.0 = Release|x64
		{5739B1DF-6743-4972-AB39-ADFFA67E5BD2}.AlgoTest|Any CPU.ActiveCfg = Debug|Any CPU
		{5739B1DF-6743-4972-AB39-ADFFA67E5BD2}.AlgoTest|Any CPU.Build.0 = Debug|Any CPU
		{5739B1DF-6743-4972-AB39-ADFFA67E5BD2}.AlgoTest|Emscripten.ActiveCfg = Debug|Any CPU
		{5739B1DF-6743-4972-AB39-ADFFA67E5BD2}.AlgoTest|Emscripten.Build.0 = Debug|Any CPU
		{5739B1DF-6743-4972-AB39-ADFFA67E5BD2}.AlgoTest|x64.ActiveCfg = Debug|Any CPU
		{5739B1DF-6743-4972-AB39-ADFFA67E5BD2}.AlgoTest|x64.Build.0 = Debug|Any CPU
		{5739B1DF-6743-4972-AB39-ADFFA67E5BD2}.AlgoTest|x86.ActiveCfg = Debug|Any CPU
		{5739B1DF-6743-4972-AB39-ADFFA67E5BD2}.AlgoTest|x86.Build.0 = Debug|Any CPU
		{5739B1DF-6743-4972-AB39-ADFFA67E5BD2}.Debug|Any CPU.ActiveCfg = Debug|Any CPU
		{5739B1DF-6743-4972-AB39-ADFFA67E5BD2}.Debug|Any CPU.Build.0 = Debug|Any CPU
		{5739B1DF-6743-4972-AB39-ADFFA67E5BD2}.Debug|Emscripten.ActiveCfg = Debug|Any CPU
		{5739B1DF-6743-4972-AB39-ADFFA67E5BD2}.Debug|Emscripten.Build.0 = Debug|Any CPU
		{5739B1DF-6743-4972-AB39-ADFFA67E5BD2}.Debug|x64.ActiveCfg = Debug|Any CPU
		{5739B1DF-6743-4972-AB39-ADFFA67E5BD2}.Debug|x64.Build.0 = Debug|Any CPU
		{5739B1DF-6743-4972-AB39-ADFFA67E5BD2}.Debug|x86.ActiveCfg = Debug|Any CPU
		{5739B1DF-6743-4972-AB39-ADFFA67E5BD2}.Debug|x86.Build.0 = Debug|Any CPU
		{5739B1DF-6743-4972-AB39-ADFFA67E5BD2}.Release|Any CPU.ActiveCfg = Release|Any CPU
		{5739B1DF-6743-4972-AB39-ADFFA67E5BD2}.Release|Any CPU.Build.0 = Release|Any CPU
		{5739B1DF-6743-4972-AB39-ADFFA67E5BD2}.Release|Emscripten.ActiveCfg = Release|Any CPU
		{5739B1DF-6743-4972-AB39-ADFFA67E5BD2}.Release|Emscripten.Build.0 = Release|Any CPU
		{5739B1DF-6743-4972-AB39-ADFFA67E5BD2}.Release|x64.ActiveCfg = Release|Any CPU
		{5739B1DF-6743-4972-AB39-ADFFA67E5BD2}.Release|x64.Build.0 = Release|Any CPU
		{5739B1DF-6743-4972-AB39-ADFFA67E5BD2}.Release|x86.ActiveCfg = Release|Any CPU
		{5739B1DF-6743-4972-AB39-ADFFA67E5BD2}.Release|x86.Build.0 = Release|Any CPU
		{5739B1DF-6743-4972-AB39-ADFFA67E5BD2}.RelWithSymbol|Any CPU.ActiveCfg = Release|Any CPU
		{5739B1DF-6743-4972-AB39-ADFFA67E5BD2}.RelWithSymbol|Any CPU.Build.0 = Release|Any CPU
		{5739B1DF-6743-4972-AB39-ADFFA67E5BD2}.RelWithSymbol|Emscripten.ActiveCfg = Release|Any CPU
		{5739B1DF-6743-4972-AB39-ADFFA67E5BD2}.RelWithSymbol|Emscripten.Build.0 = Release|Any CPU
		{5739B1DF-6743-4972-AB39-ADFFA67E5BD2}.RelWithSymbol|x64.ActiveCfg = Release|Any CPU
		{5739B1DF-6743-4972-AB39-ADFFA67E5BD2}.RelWithSymbol|x64.Build.0 = Release|Any CPU
		{5739B1DF-6743-4972-AB39-ADFFA67E5BD2}.RelWithSymbol|x86.ActiveCfg = Release|Any CPU
		{5739B1DF-6743-4972-AB39-ADFFA67E5BD2}.RelWithSymbol|x86.Build.0 = Release|Any CPU
		{25F5D9CB-95ED-4407-93AC-1E7B71C5A3E7}.AlgoTest|Any CPU.ActiveCfg = Debug|Any CPU
		{25F5D9CB-95ED-4407-93AC-1E7B71C5A3E7}.AlgoTest|Any CPU.Build.0 = Debug|Any CPU
		{25F5D9CB-95ED-4407-93AC-1E7B71C5A3E7}.AlgoTest|Emscripten.ActiveCfg = Debug|Any CPU
		{25F5D9CB-95ED-4407-93AC-1E7B71C5A3E7}.AlgoTest|Emscripten.Build.0 = Debug|Any CPU
		{25F5D9CB-95ED-4407-93AC-1E7B71C5A3E7}.AlgoTest|x64.ActiveCfg = Debug|Any CPU
		{25F5D9CB-95ED-4407-93AC-1E7B71C5A3E7}.AlgoTest|x64.Build.0 = Debug|Any CPU
		{25F5D9CB-95ED-4407-93AC-1E7B71C5A3E7}.AlgoTest|x86.ActiveCfg = Debug|Any CPU
		{25F5D9CB-95ED-4407-93AC-1E7B71C5A3E7}.AlgoTest|x86.Build.0 = Debug|Any CPU
		{25F5D9CB-95ED-4407-93AC-1E7B71C5A3E7}.Debug|Any CPU.ActiveCfg = Debug|Any CPU
		{25F5D9CB-95ED-4407-93AC-1E7B71C5A3E7}.Debug|Any CPU.Build.0 = Debug|Any CPU
		{25F5D9CB-95ED-4407-93AC-1E7B71C5A3E7}.Debug|Emscripten.ActiveCfg = Debug|Any CPU
		{25F5D9CB-95ED-4407-93AC-1E7B71C5A3E7}.Debug|Emscripten.Build.0 = Debug|Any CPU
		{25F5D9CB-95ED-4407-93AC-1E7B71C5A3E7}.Debug|x64.ActiveCfg = Debug|Any CPU
		{25F5D9CB-95ED-4407-93AC-1E7B71C5A3E7}.Debug|x64.Build.0 = Debug|Any CPU
		{25F5D9CB-95ED-4407-93AC-1E7B71C5A3E7}.Debug|x86.ActiveCfg = Debug|Any CPU
		{25F5D9CB-95ED-4407-93AC-1E7B71C5A3E7}.Debug|x86.Build.0 = Debug|Any CPU
		{25F5D9CB-95ED-4407-93AC-1E7B71C5A3E7}.Release|Any CPU.ActiveCfg = Release|Any CPU
		{25F5D9CB-95ED-4407-93AC-1E7B71C5A3E7}.Release|Any CPU.Build.0 = Release|Any CPU
		{25F5D9CB-95ED-4407-93AC-1E7B71C5A3E7}.Release|Emscripten.ActiveCfg = Release|Any CPU
		{25F5D9CB-95ED-4407-93AC-1E7B71C5A3E7}.Release|Emscripten.Build.0 = Release|Any CPU
		{25F5D9CB-95ED-4407-93AC-1E7B71C5A3E7}.Release|x64.ActiveCfg = Release|Any CPU
		{25F5D9CB-95ED-4407-93AC-1E7B71C5A3E7}.Release|x64.Build.0 = Release|Any CPU
		{25F5D9CB-95ED-4407-93AC-1E7B71C5A3E7}.Release|x86.ActiveCfg = Release|Any CPU
		{25F5D9CB-95ED-4407-93AC-1E7B71C5A3E7}.Release|x86.Build.0 = Release|Any CPU
		{25F5D9CB-95ED-4407-93AC-1E7B71C5A3E7}.RelWithSymbol|Any CPU.ActiveCfg = Release|Any CPU
		{25F5D9CB-95ED-4407-93AC-1E7B71C5A3E7}.RelWithSymbol|Any CPU.Build.0 = Release|Any CPU
		{25F5D9CB-95ED-4407-93AC-1E7B71C5A3E7}.RelWithSymbol|Emscripten.ActiveCfg = Release|Any CPU
		{25F5D9CB-95ED-4407-93AC-1E7B71C5A3E7}.RelWithSymbol|Emscripten.Build.0 = Release|Any CPU
		{25F5D9CB-95ED-4407-93AC-1E7B71C5A3E7}.RelWithSymbol|x64.ActiveCfg = Release|Any CPU
		{25F5D9CB-95ED-4407-93AC-1E7B71C5A3E7}.RelWithSymbol|x64.Build.0 = Release|Any CPU
		{25F5D9CB-95ED-4407-93AC-1E7B71C5A3E7}.RelWithSymbol|x86.ActiveCfg = Release|Any CPU
		{25F5D9CB-95ED-4407-93AC-1E7B71C5A3E7}.RelWithSymbol|x86.Build.0 = Release|Any CPU
		{0A10CE9C-472D-4D85-B5E6-AED7434352CB}.AlgoTest|Any CPU.ActiveCfg = Debug|Any CPU
		{0A10CE9C-472D-4D85-B5E6-AED7434352CB}.AlgoTest|Any CPU.Build.0 = Debug|Any CPU
		{0A10CE9C-472D-4D85-B5E6-AED7434352CB}.AlgoTest|Emscripten.ActiveCfg = Debug|Any CPU
		{0A10CE9C-472D-4D85-B5E6-AED7434352CB}.AlgoTest|Emscripten.Build.0 = Debug|Any CPU
		{0A10CE9C-472D-4D85-B5E6-AED7434352CB}.AlgoTest|x64.ActiveCfg = Debug|Any CPU
		{0A10CE9C-472D-4D85-B5E6-AED7434352CB}.AlgoTest|x64.Build.0 = Debug|Any CPU
		{0A10CE9C-472D-4D85-B5E6-AED7434352CB}.AlgoTest|x86.ActiveCfg = Debug|Any CPU
		{0A10CE9C-472D-4D85-B5E6-AED7434352CB}.AlgoTest|x86.Build.0 = Debug|Any CPU
		{0A10CE9C-472D-4D85-B5E6-AED7434352CB}.Debug|Any CPU.ActiveCfg = Debug|Any CPU
		{0A10CE9C-472D-4D85-B5E6-AED7434352CB}.Debug|Any CPU.Build.0 = Debug|Any CPU
		{0A10CE9C-472D-4D85-B5E6-AED7434352CB}.Debug|Emscripten.ActiveCfg = Debug|Any CPU
		{0A10CE9C-472D-4D85-B5E6-AED7434352CB}.Debug|Emscripten.Build.0 = Debug|Any CPU
		{0A10CE9C-472D-4D85-B5E6-AED7434352CB}.Debug|x64.ActiveCfg = Debug|x64
		{0A10CE9C-472D-4D85-B5E6-AED7434352CB}.Debug|x64.Build.0 = Debug|x64
		{0A10CE9C-472D-4D85-B5E6-AED7434352CB}.Debug|x86.ActiveCfg = Debug|Any CPU
		{0A10CE9C-472D-4D85-B5E6-AED7434352CB}.Debug|x86.Build.0 = Debug|Any CPU
		{0A10CE9C-472D-4D85-B5E6-AED7434352CB}.Release|Any CPU.ActiveCfg = Release|Any CPU
		{0A10CE9C-472D-4D85-B5E6-AED7434352CB}.Release|Any CPU.Build.0 = Release|Any CPU
		{0A10CE9C-472D-4D85-B5E6-AED7434352CB}.Release|Emscripten.ActiveCfg = Release|Any CPU
		{0A10CE9C-472D-4D85-B5E6-AED7434352CB}.Release|Emscripten.Build.0 = Release|Any CPU
		{0A10CE9C-472D-4D85-B5E6-AED7434352CB}.Release|x64.ActiveCfg = Release|Any CPU
		{0A10CE9C-472D-4D85-B5E6-AED7434352CB}.Release|x64.Build.0 = Release|Any CPU
		{0A10CE9C-472D-4D85-B5E6-AED7434352CB}.Release|x86.ActiveCfg = Release|Any CPU
		{0A10CE9C-472D-4D85-B5E6-AED7434352CB}.Release|x86.Build.0 = Release|Any CPU
		{0A10CE9C-472D-4D85-B5E6-AED7434352CB}.RelWithSymbol|Any CPU.ActiveCfg = Release|Any CPU
		{0A10CE9C-472D-4D85-B5E6-AED7434352CB}.RelWithSymbol|Any CPU.Build.0 = Release|Any CPU
		{0A10CE9C-472D-4D85-B5E6-AED7434352CB}.RelWithSymbol|Emscripten.ActiveCfg = Release|Any CPU
		{0A10CE9C-472D-4D85-B5E6-AED7434352CB}.RelWithSymbol|Emscripten.Build.0 = Release|Any CPU
		{0A10CE9C-472D-4D85-B5E6-AED7434352CB}.RelWithSymbol|x64.ActiveCfg = Release|Any CPU
		{0A10CE9C-472D-4D85-B5E6-AED7434352CB}.RelWithSymbol|x64.Build.0 = Release|Any CPU
		{0A10CE9C-472D-4D85-B5E6-AED7434352CB}.RelWithSymbol|x86.ActiveCfg = Release|Any CPU
		{0A10CE9C-472D-4D85-B5E6-AED7434352CB}.RelWithSymbol|x86.Build.0 = Release|Any CPU
	EndGlobalSection
	GlobalSection(SolutionProperties) = preSolution
		HideSolutionNode = FALSE
	EndGlobalSection
	GlobalSection(NestedProjects) = preSolution
		{57CFC9CA-4DF6-40EB-BA03-0E6562A6E14A} = {8EB080F8-0A61-482F-B398-BC11251CF9C0}
		{F4FE9945-3136-4897-9FD9-2DEA8A3690A1} = {57376B81-B5DD-4806-A1C1-97D88F391B5A}
		{A936BE21-5927-4AFF-B738-FF80A70BBBDF} = {8EB080F8-0A61-482F-B398-BC11251CF9C0}
		{F340CE50-159D-4811-9998-AAFE3ED2A923} = {57376B81-B5DD-4806-A1C1-97D88F391B5A}
		{CD75C8FD-B501-4515-A279-FF8BF8543DCD} = {57376B81-B5DD-4806-A1C1-97D88F391B5A}
		{57376B81-B5DD-4806-A1C1-97D88F391B5A} = {8EB080F8-0A61-482F-B398-BC11251CF9C0}
		{C65C3405-A621-4795-A75C-991E113233B0} = {57376B81-B5DD-4806-A1C1-97D88F391B5A}
		{C901F45F-1732-4A7B-8C24-7CCD278931CB} = {57376B81-B5DD-4806-A1C1-97D88F391B5A}
		{32DBBF46-0D16-477A-8F41-AF36883FE2BF} = {57376B81-B5DD-4806-A1C1-97D88F391B5A}
		{8285A45F-44AA-4A17-A738-A28394DD3A00} = {32CE006B-ACBA-4997-9746-60F9EEDEE3BD}
		{F469C61E-6E82-43EE-A9EA-5D7017682977} = {32CE006B-ACBA-4997-9746-60F9EEDEE3BD}
		{9F07E0CF-FAC3-4BE9-9C0F-6A3AFAA34F23} = {32CE006B-ACBA-4997-9746-60F9EEDEE3BD}
		{3E781752-B64F-4D83-913F-113AF871B1B8} = {8EB080F8-0A61-482F-B398-BC11251CF9C0}
		{5739B1DF-6743-4972-AB39-ADFFA67E5BD2} = {3E781752-B64F-4D83-913F-113AF871B1B8}
		{25F5D9CB-95ED-4407-93AC-1E7B71C5A3E7} = {3E781752-B64F-4D83-913F-113AF871B1B8}
		{0A10CE9C-472D-4D85-B5E6-AED7434352CB} = {32CE006B-ACBA-4997-9746-60F9EEDEE3BD}
	EndGlobalSection
	GlobalSection(ExtensibilityGlobals) = postSolution
		SolutionGuid = {E3DC0C2B-625F-4DD7-8BC0-081E01EB34A0}
	EndGlobalSection
EndGlobal
